// !$*UTF8*$!
{
	archiveVersion = 1;
	classes = {
	};
	objectVersion = 51;
	objects = {

/* Begin PBXBuildFile section */
		320A8A4126059A8600EB507A /* AppDelegate.swift in Sources */ = {isa = PBXBuildFile; fileRef = 320A8A4026059A8600EB507A /* AppDelegate.swift */; };
		320A8A4326059A8600EB507A /* SceneDelegate.swift in Sources */ = {isa = PBXBuildFile; fileRef = 320A8A4226059A8600EB507A /* SceneDelegate.swift */; };
		320A8A4826059A8600EB507A /* Main.storyboard in Resources */ = {isa = PBXBuildFile; fileRef = 320A8A4626059A8600EB507A /* Main.storyboard */; };
		320A8A4A26059A8800EB507A /* Assets.xcassets in Resources */ = {isa = PBXBuildFile; fileRef = 320A8A4926059A8800EB507A /* Assets.xcassets */; };
		320A8A4D26059A8800EB507A /* LaunchScreen.storyboard in Resources */ = {isa = PBXBuildFile; fileRef = 320A8A4B26059A8800EB507A /* LaunchScreen.storyboard */; };
		320A8A5826059A8800EB507A /* Parstagram_ios_mobileTests.swift in Sources */ = {isa = PBXBuildFile; fileRef = 320A8A5726059A8800EB507A /* Parstagram_ios_mobileTests.swift */; };
		320A8A6326059A8800EB507A /* Parstagram_ios_mobileUITests.swift in Sources */ = {isa = PBXBuildFile; fileRef = 320A8A6226059A8800EB507A /* Parstagram_ios_mobileUITests.swift */; };
		32910A842605A1080053F801 /* LoginViewController.swift in Sources */ = {isa = PBXBuildFile; fileRef = 32910A832605A1080053F801 /* LoginViewController.swift */; };
		32910A892605A1150053F801 /* FeedViewController.swift in Sources */ = {isa = PBXBuildFile; fileRef = 32910A882605A1150053F801 /* FeedViewController.swift */; };
		74726013FA50A1B198252F8A /* Pods_Parstagram_ios_mobile_Parstagram_ios_mobileUITests.framework in Frameworks */ = {isa = PBXBuildFile; fileRef = 5E6AD51BC9E0A3BD0B048B4F /* Pods_Parstagram_ios_mobile_Parstagram_ios_mobileUITests.framework */; };
		BA7775E0E573813D3E82A448 /* Pods_Parstagram_ios_mobileTests.framework in Frameworks */ = {isa = PBXBuildFile; fileRef = A69B0BD1731828F69528BCBC /* Pods_Parstagram_ios_mobileTests.framework */; };
		FF6DEF8AAFC3DF4BBDE9D446 /* Pods_Parstagram_ios_mobile.framework in Frameworks */ = {isa = PBXBuildFile; fileRef = 744638EABFA71B2417E0E6F3 /* Pods_Parstagram_ios_mobile.framework */; };
/* End PBXBuildFile section */

/* Begin PBXContainerItemProxy section */
		320A8A5426059A8800EB507A /* PBXContainerItemProxy */ = {
			isa = PBXContainerItemProxy;
			containerPortal = 320A8A3526059A8500EB507A /* Project object */;
			proxyType = 1;
			remoteGlobalIDString = 320A8A3C26059A8500EB507A;
			remoteInfo = Parstagram_ios_mobile;
		};
		320A8A5F26059A8800EB507A /* PBXContainerItemProxy */ = {
			isa = PBXContainerItemProxy;
			containerPortal = 320A8A3526059A8500EB507A /* Project object */;
			proxyType = 1;
			remoteGlobalIDString = 320A8A3C26059A8500EB507A;
			remoteInfo = Parstagram_ios_mobile;
		};
/* End PBXContainerItemProxy section */

/* Begin PBXFileReference section */
		320A8A3D26059A8500EB507A /* Parstagram_ios_mobile.app */ = {isa = PBXFileReference; explicitFileType = wrapper.application; includeInIndex = 0; path = Parstagram_ios_mobile.app; sourceTree = BUILT_PRODUCTS_DIR; };
		320A8A4026059A8600EB507A /* AppDelegate.swift */ = {isa = PBXFileReference; lastKnownFileType = sourcecode.swift; path = AppDelegate.swift; sourceTree = "<group>"; };
		320A8A4226059A8600EB507A /* SceneDelegate.swift */ = {isa = PBXFileReference; lastKnownFileType = sourcecode.swift; path = SceneDelegate.swift; sourceTree = "<group>"; };
		320A8A4726059A8600EB507A /* Base */ = {isa = PBXFileReference; lastKnownFileType = file.storyboard; name = Base; path = Base.lproj/Main.storyboard; sourceTree = "<group>"; };
		320A8A4926059A8800EB507A /* Assets.xcassets */ = {isa = PBXFileReference; lastKnownFileType = folder.assetcatalog; path = Assets.xcassets; sourceTree = "<group>"; };
		320A8A4C26059A8800EB507A /* Base */ = {isa = PBXFileReference; lastKnownFileType = file.storyboard; name = Base; path = Base.lproj/LaunchScreen.storyboard; sourceTree = "<group>"; };
		320A8A4E26059A8800EB507A /* Info.plist */ = {isa = PBXFileReference; lastKnownFileType = text.plist.xml; path = Info.plist; sourceTree = "<group>"; };
		320A8A5326059A8800EB507A /* Parstagram_ios_mobileTests.xctest */ = {isa = PBXFileReference; explicitFileType = wrapper.cfbundle; includeInIndex = 0; path = Parstagram_ios_mobileTests.xctest; sourceTree = BUILT_PRODUCTS_DIR; };
		320A8A5726059A8800EB507A /* Parstagram_ios_mobileTests.swift */ = {isa = PBXFileReference; lastKnownFileType = sourcecode.swift; path = Parstagram_ios_mobileTests.swift; sourceTree = "<group>"; };
		320A8A5926059A8800EB507A /* Info.plist */ = {isa = PBXFileReference; lastKnownFileType = text.plist.xml; path = Info.plist; sourceTree = "<group>"; };
		320A8A5E26059A8800EB507A /* Parstagram_ios_mobileUITests.xctest */ = {isa = PBXFileReference; explicitFileType = wrapper.cfbundle; includeInIndex = 0; path = Parstagram_ios_mobileUITests.xctest; sourceTree = BUILT_PRODUCTS_DIR; };
		320A8A6226059A8800EB507A /* Parstagram_ios_mobileUITests.swift */ = {isa = PBXFileReference; lastKnownFileType = sourcecode.swift; path = Parstagram_ios_mobileUITests.swift; sourceTree = "<group>"; };
		320A8A6426059A8800EB507A /* Info.plist */ = {isa = PBXFileReference; lastKnownFileType = text.plist.xml; path = Info.plist; sourceTree = "<group>"; };
		32910A832605A1080053F801 /* LoginViewController.swift */ = {isa = PBXFileReference; lastKnownFileType = sourcecode.swift; path = LoginViewController.swift; sourceTree = "<group>"; };
		32910A882605A1150053F801 /* FeedViewController.swift */ = {isa = PBXFileReference; lastKnownFileType = sourcecode.swift; path = FeedViewController.swift; sourceTree = "<group>"; };
		4CECC70715DDA328EF921128 /* Pods-Parstagram_ios_mobile-Parstagram_ios_mobileUITests.debug.xcconfig */ = {isa = PBXFileReference; includeInIndex = 1; lastKnownFileType = text.xcconfig; name = "Pods-Parstagram_ios_mobile-Parstagram_ios_mobileUITests.debug.xcconfig"; path = "Target Support Files/Pods-Parstagram_ios_mobile-Parstagram_ios_mobileUITests/Pods-Parstagram_ios_mobile-Parstagram_ios_mobileUITests.debug.xcconfig"; sourceTree = "<group>"; };
		4F568E42D09D56517AA998BD /* Pods-Parstagram_ios_mobile.debug.xcconfig */ = {isa = PBXFileReference; includeInIndex = 1; lastKnownFileType = text.xcconfig; name = "Pods-Parstagram_ios_mobile.debug.xcconfig"; path = "Target Support Files/Pods-Parstagram_ios_mobile/Pods-Parstagram_ios_mobile.debug.xcconfig"; sourceTree = "<group>"; };
		5E6AD51BC9E0A3BD0B048B4F /* Pods_Parstagram_ios_mobile_Parstagram_ios_mobileUITests.framework */ = {isa = PBXFileReference; explicitFileType = wrapper.framework; includeInIndex = 0; path = Pods_Parstagram_ios_mobile_Parstagram_ios_mobileUITests.framework; sourceTree = BUILT_PRODUCTS_DIR; };
		744638EABFA71B2417E0E6F3 /* Pods_Parstagram_ios_mobile.framework */ = {isa = PBXFileReference; explicitFileType = wrapper.framework; includeInIndex = 0; path = Pods_Parstagram_ios_mobile.framework; sourceTree = BUILT_PRODUCTS_DIR; };
		A69B0BD1731828F69528BCBC /* Pods_Parstagram_ios_mobileTests.framework */ = {isa = PBXFileReference; explicitFileType = wrapper.framework; includeInIndex = 0; path = Pods_Parstagram_ios_mobileTests.framework; sourceTree = BUILT_PRODUCTS_DIR; };
		C3490697BBA1CC64BF3A54BF /* Pods-Parstagram_ios_mobileTests.release.xcconfig */ = {isa = PBXFileReference; includeInIndex = 1; lastKnownFileType = text.xcconfig; name = "Pods-Parstagram_ios_mobileTests.release.xcconfig"; path = "Target Support Files/Pods-Parstagram_ios_mobileTests/Pods-Parstagram_ios_mobileTests.release.xcconfig"; sourceTree = "<group>"; };
		C3A2EB60FB747ECF72B0B9F7 /* Pods-Parstagram_ios_mobile.release.xcconfig */ = {isa = PBXFileReference; includeInIndex = 1; lastKnownFileType = text.xcconfig; name = "Pods-Parstagram_ios_mobile.release.xcconfig"; path = "Target Support Files/Pods-Parstagram_ios_mobile/Pods-Parstagram_ios_mobile.release.xcconfig"; sourceTree = "<group>"; };
		D0F4B284CBF87900E8A76A9A /* Pods-Parstagram_ios_mobileTests.debug.xcconfig */ = {isa = PBXFileReference; includeInIndex = 1; lastKnownFileType = text.xcconfig; name = "Pods-Parstagram_ios_mobileTests.debug.xcconfig"; path = "Target Support Files/Pods-Parstagram_ios_mobileTests/Pods-Parstagram_ios_mobileTests.debug.xcconfig"; sourceTree = "<group>"; };
		E24E3F3ABEE7E6DCB2BD2B1C /* Pods-Parstagram_ios_mobile-Parstagram_ios_mobileUITests.release.xcconfig */ = {isa = PBXFileReference; includeInIndex = 1; lastKnownFileType = text.xcconfig; name = "Pods-Parstagram_ios_mobile-Parstagram_ios_mobileUITests.release.xcconfig"; path = "Target Support Files/Pods-Parstagram_ios_mobile-Parstagram_ios_mobileUITests/Pods-Parstagram_ios_mobile-Parstagram_ios_mobileUITests.release.xcconfig"; sourceTree = "<group>"; };
/* End PBXFileReference section */

/* Begin PBXFrameworksBuildPhase section */
		320A8A3A26059A8500EB507A /* Frameworks */ = {
			isa = PBXFrameworksBuildPhase;
			buildActionMask = 2147483647;
			files = (
				FF6DEF8AAFC3DF4BBDE9D446 /* Pods_Parstagram_ios_mobile.framework in Frameworks */,
			);
			runOnlyForDeploymentPostprocessing = 0;
		};
		320A8A5026059A8800EB507A /* Frameworks */ = {
			isa = PBXFrameworksBuildPhase;
			buildActionMask = 2147483647;
			files = (
				BA7775E0E573813D3E82A448 /* Pods_Parstagram_ios_mobileTests.framework in Frameworks */,
			);
			runOnlyForDeploymentPostprocessing = 0;
		};
		320A8A5B26059A8800EB507A /* Frameworks */ = {
			isa = PBXFrameworksBuildPhase;
			buildActionMask = 2147483647;
			files = (
				74726013FA50A1B198252F8A /* Pods_Parstagram_ios_mobile_Parstagram_ios_mobileUITests.framework in Frameworks */,
			);
			runOnlyForDeploymentPostprocessing = 0;
		};
/* End PBXFrameworksBuildPhase section */

/* Begin PBXGroup section */
		108CBD57BFE6CC40E9BED218 /* Frameworks */ = {
			isa = PBXGroup;
			children = (
				744638EABFA71B2417E0E6F3 /* Pods_Parstagram_ios_mobile.framework */,
				5E6AD51BC9E0A3BD0B048B4F /* Pods_Parstagram_ios_mobile_Parstagram_ios_mobileUITests.framework */,
				A69B0BD1731828F69528BCBC /* Pods_Parstagram_ios_mobileTests.framework */,
			);
			name = Frameworks;
			sourceTree = "<group>";
		};
		320A8A3426059A8500EB507A = {
			isa = PBXGroup;
			children = (
				320A8A3F26059A8500EB507A /* Parstagram_ios_mobile */,
				320A8A5626059A8800EB507A /* Parstagram_ios_mobileTests */,
				320A8A6126059A8800EB507A /* Parstagram_ios_mobileUITests */,
				320A8A3E26059A8500EB507A /* Products */,
				67F50BCD0A656D0124949A1F /* Pods */,
				108CBD57BFE6CC40E9BED218 /* Frameworks */,
			);
			sourceTree = "<group>";
		};
		320A8A3E26059A8500EB507A /* Products */ = {
			isa = PBXGroup;
			children = (
				320A8A3D26059A8500EB507A /* Parstagram_ios_mobile.app */,
				320A8A5326059A8800EB507A /* Parstagram_ios_mobileTests.xctest */,
				320A8A5E26059A8800EB507A /* Parstagram_ios_mobileUITests.xctest */,
			);
			name = Products;
			sourceTree = "<group>";
		};
		320A8A3F26059A8500EB507A /* Parstagram_ios_mobile */ = {
			isa = PBXGroup;
			children = (
				320A8A4026059A8600EB507A /* AppDelegate.swift */,
				320A8A4226059A8600EB507A /* SceneDelegate.swift */,
				320A8A4626059A8600EB507A /* Main.storyboard */,
				320A8A4926059A8800EB507A /* Assets.xcassets */,
				320A8A4B26059A8800EB507A /* LaunchScreen.storyboard */,
				320A8A4E26059A8800EB507A /* Info.plist */,
				32910A832605A1080053F801 /* LoginViewController.swift */,
				32910A882605A1150053F801 /* FeedViewController.swift */,
			);
			path = Parstagram_ios_mobile;
			sourceTree = "<group>";
		};
		320A8A5626059A8800EB507A /* Parstagram_ios_mobileTests */ = {
			isa = PBXGroup;
			children = (
				320A8A5726059A8800EB507A /* Parstagram_ios_mobileTests.swift */,
				320A8A5926059A8800EB507A /* Info.plist */,
			);
			path = Parstagram_ios_mobileTests;
			sourceTree = "<group>";
		};
		320A8A6126059A8800EB507A /* Parstagram_ios_mobileUITests */ = {
			isa = PBXGroup;
			children = (
				320A8A6226059A8800EB507A /* Parstagram_ios_mobileUITests.swift */,
				320A8A6426059A8800EB507A /* Info.plist */,
			);
			path = Parstagram_ios_mobileUITests;
			sourceTree = "<group>";
		};
		67F50BCD0A656D0124949A1F /* Pods */ = {
			isa = PBXGroup;
			children = (
				4F568E42D09D56517AA998BD /* Pods-Parstagram_ios_mobile.debug.xcconfig */,
				C3A2EB60FB747ECF72B0B9F7 /* Pods-Parstagram_ios_mobile.release.xcconfig */,
				4CECC70715DDA328EF921128 /* Pods-Parstagram_ios_mobile-Parstagram_ios_mobileUITests.debug.xcconfig */,
				E24E3F3ABEE7E6DCB2BD2B1C /* Pods-Parstagram_ios_mobile-Parstagram_ios_mobileUITests.release.xcconfig */,
				D0F4B284CBF87900E8A76A9A /* Pods-Parstagram_ios_mobileTests.debug.xcconfig */,
				C3490697BBA1CC64BF3A54BF /* Pods-Parstagram_ios_mobileTests.release.xcconfig */,
			);
			path = Pods;
			sourceTree = "<group>";
		};
/* End PBXGroup section */

/* Begin PBXNativeTarget section */
		320A8A3C26059A8500EB507A /* Parstagram_ios_mobile */ = {
			isa = PBXNativeTarget;
			buildConfigurationList = 320A8A6726059A8800EB507A /* Build configuration list for PBXNativeTarget "Parstagram_ios_mobile" */;
			buildPhases = (
				27D92452922FCA496C00A09B /* [CP] Check Pods Manifest.lock */,
				320A8A3926059A8500EB507A /* Sources */,
				320A8A3A26059A8500EB507A /* Frameworks */,
				320A8A3B26059A8500EB507A /* Resources */,
				768E26CE049B398752C4FC3F /* [CP] Embed Pods Frameworks */,
			);
			buildRules = (
			);
			dependencies = (
			);
			name = Parstagram_ios_mobile;
			productName = Parstagram_ios_mobile;
			productReference = 320A8A3D26059A8500EB507A /* Parstagram_ios_mobile.app */;
			productType = "com.apple.product-type.application";
		};
		320A8A5226059A8800EB507A /* Parstagram_ios_mobileTests */ = {
			isa = PBXNativeTarget;
			buildConfigurationList = 320A8A6A26059A8800EB507A /* Build configuration list for PBXNativeTarget "Parstagram_ios_mobileTests" */;
			buildPhases = (
				97237874DA466575F3FDEDED /* [CP] Check Pods Manifest.lock */,
				320A8A4F26059A8800EB507A /* Sources */,
				320A8A5026059A8800EB507A /* Frameworks */,
				320A8A5126059A8800EB507A /* Resources */,
			);
			buildRules = (
			);
			dependencies = (
				320A8A5526059A8800EB507A /* PBXTargetDependency */,
			);
			name = Parstagram_ios_mobileTests;
			productName = Parstagram_ios_mobileTests;
			productReference = 320A8A5326059A8800EB507A /* Parstagram_ios_mobileTests.xctest */;
			productType = "com.apple.product-type.bundle.unit-test";
		};
		320A8A5D26059A8800EB507A /* Parstagram_ios_mobileUITests */ = {
			isa = PBXNativeTarget;
			buildConfigurationList = 320A8A6D26059A8800EB507A /* Build configuration list for PBXNativeTarget "Parstagram_ios_mobileUITests" */;
			buildPhases = (
				951F3BCAEB6D477594CD9360 /* [CP] Check Pods Manifest.lock */,
				320A8A5A26059A8800EB507A /* Sources */,
				320A8A5B26059A8800EB507A /* Frameworks */,
				320A8A5C26059A8800EB507A /* Resources */,
				1AA709E0B32ADEDD751F7205 /* [CP] Embed Pods Frameworks */,
			);
			buildRules = (
			);
			dependencies = (
				320A8A6026059A8800EB507A /* PBXTargetDependency */,
			);
			name = Parstagram_ios_mobileUITests;
			productName = Parstagram_ios_mobileUITests;
			productReference = 320A8A5E26059A8800EB507A /* Parstagram_ios_mobileUITests.xctest */;
			productType = "com.apple.product-type.bundle.ui-testing";
		};
/* End PBXNativeTarget section */

/* Begin PBXProject section */
		320A8A3526059A8500EB507A /* Project object */ = {
			isa = PBXProject;
			attributes = {
				LastSwiftUpdateCheck = 1240;
				LastUpgradeCheck = 1240;
				TargetAttributes = {
					320A8A3C26059A8500EB507A = {
						CreatedOnToolsVersion = 12.4;
					};
					320A8A5226059A8800EB507A = {
						CreatedOnToolsVersion = 12.4;
						TestTargetID = 320A8A3C26059A8500EB507A;
					};
					320A8A5D26059A8800EB507A = {
						CreatedOnToolsVersion = 12.4;
						TestTargetID = 320A8A3C26059A8500EB507A;
					};
				};
			};
			buildConfigurationList = 320A8A3826059A8500EB507A /* Build configuration list for PBXProject "Parstagram_ios_mobile" */;
			compatibilityVersion = "Xcode 9.3";
			developmentRegion = en;
			hasScannedForEncodings = 0;
			knownRegions = (
				en,
				Base,
			);
			mainGroup = 320A8A3426059A8500EB507A;
			productRefGroup = 320A8A3E26059A8500EB507A /* Products */;
			projectDirPath = "";
			projectRoot = "";
			targets = (
				320A8A3C26059A8500EB507A /* Parstagram_ios_mobile */,
				320A8A5226059A8800EB507A /* Parstagram_ios_mobileTests */,
				320A8A5D26059A8800EB507A /* Parstagram_ios_mobileUITests */,
			);
		};
/* End PBXProject section */

/* Begin PBXResourcesBuildPhase section */
		320A8A3B26059A8500EB507A /* Resources */ = {
			isa = PBXResourcesBuildPhase;
			buildActionMask = 2147483647;
			files = (
				320A8A4D26059A8800EB507A /* LaunchScreen.storyboard in Resources */,
				320A8A4A26059A8800EB507A /* Assets.xcassets in Resources */,
				320A8A4826059A8600EB507A /* Main.storyboard in Resources */,
			);
			runOnlyForDeploymentPostprocessing = 0;
		};
		320A8A5126059A8800EB507A /* Resources */ = {
			isa = PBXResourcesBuildPhase;
			buildActionMask = 2147483647;
			files = (
			);
			runOnlyForDeploymentPostprocessing = 0;
		};
		320A8A5C26059A8800EB507A /* Resources */ = {
			isa = PBXResourcesBuildPhase;
			buildActionMask = 2147483647;
			files = (
			);
			runOnlyForDeploymentPostprocessing = 0;
		};
/* End PBXResourcesBuildPhase section */

/* Begin PBXShellScriptBuildPhase section */
		1AA709E0B32ADEDD751F7205 /* [CP] Embed Pods Frameworks */ = {
			isa = PBXShellScriptBuildPhase;
			buildActionMask = 2147483647;
			files = (
			);
			inputFileListPaths = (
				"${PODS_ROOT}/Target Support Files/Pods-Parstagram_ios_mobile-Parstagram_ios_mobileUITests/Pods-Parstagram_ios_mobile-Parstagram_ios_mobileUITests-frameworks-${CONFIGURATION}-input-files.xcfilelist",
			);
			name = "[CP] Embed Pods Frameworks";
			outputFileListPaths = (
				"${PODS_ROOT}/Target Support Files/Pods-Parstagram_ios_mobile-Parstagram_ios_mobileUITests/Pods-Parstagram_ios_mobile-Parstagram_ios_mobileUITests-frameworks-${CONFIGURATION}-output-files.xcfilelist",
			);
			runOnlyForDeploymentPostprocessing = 0;
			shellPath = /bin/sh;
			shellScript = "\"${PODS_ROOT}/Target Support Files/Pods-Parstagram_ios_mobile-Parstagram_ios_mobileUITests/Pods-Parstagram_ios_mobile-Parstagram_ios_mobileUITests-frameworks.sh\"\n";
			showEnvVarsInLog = 0;
		};
		27D92452922FCA496C00A09B /* [CP] Check Pods Manifest.lock */ = {
			isa = PBXShellScriptBuildPhase;
			buildActionMask = 2147483647;
			files = (
			);
			inputFileListPaths = (
			);
			inputPaths = (
				"${PODS_PODFILE_DIR_PATH}/Podfile.lock",
				"${PODS_ROOT}/Manifest.lock",
			);
			name = "[CP] Check Pods Manifest.lock";
			outputFileListPaths = (
			);
			outputPaths = (
				"$(DERIVED_FILE_DIR)/Pods-Parstagram_ios_mobile-checkManifestLockResult.txt",
			);
			runOnlyForDeploymentPostprocessing = 0;
			shellPath = /bin/sh;
			shellScript = "diff \"${PODS_PODFILE_DIR_PATH}/Podfile.lock\" \"${PODS_ROOT}/Manifest.lock\" > /dev/null\nif [ $? != 0 ] ; then\n    # print error to STDERR\n    echo \"error: The sandbox is not in sync with the Podfile.lock. Run 'pod install' or update your CocoaPods installation.\" >&2\n    exit 1\nfi\n# This output is used by Xcode 'outputs' to avoid re-running this script phase.\necho \"SUCCESS\" > \"${SCRIPT_OUTPUT_FILE_0}\"\n";
			showEnvVarsInLog = 0;
		};
		768E26CE049B398752C4FC3F /* [CP] Embed Pods Frameworks */ = {
			isa = PBXShellScriptBuildPhase;
			buildActionMask = 2147483647;
			files = (
			);
			inputFileListPaths = (
				"${PODS_ROOT}/Target Support Files/Pods-Parstagram_ios_mobile/Pods-Parstagram_ios_mobile-frameworks-${CONFIGURATION}-input-files.xcfilelist",
			);
			name = "[CP] Embed Pods Frameworks";
			outputFileListPaths = (
				"${PODS_ROOT}/Target Support Files/Pods-Parstagram_ios_mobile/Pods-Parstagram_ios_mobile-frameworks-${CONFIGURATION}-output-files.xcfilelist",
			);
			runOnlyForDeploymentPostprocessing = 0;
			shellPath = /bin/sh;
			shellScript = "\"${PODS_ROOT}/Target Support Files/Pods-Parstagram_ios_mobile/Pods-Parstagram_ios_mobile-frameworks.sh\"\n";
			showEnvVarsInLog = 0;
		};
		951F3BCAEB6D477594CD9360 /* [CP] Check Pods Manifest.lock */ = {
			isa = PBXShellScriptBuildPhase;
			buildActionMask = 2147483647;
			files = (
			);
			inputFileListPaths = (
			);
			inputPaths = (
				"${PODS_PODFILE_DIR_PATH}/Podfile.lock",
				"${PODS_ROOT}/Manifest.lock",
			);
			name = "[CP] Check Pods Manifest.lock";
			outputFileListPaths = (
			);
			outputPaths = (
				"$(DERIVED_FILE_DIR)/Pods-Parstagram_ios_mobile-Parstagram_ios_mobileUITests-checkManifestLockResult.txt",
			);
			runOnlyForDeploymentPostprocessing = 0;
			shellPath = /bin/sh;
			shellScript = "diff \"${PODS_PODFILE_DIR_PATH}/Podfile.lock\" \"${PODS_ROOT}/Manifest.lock\" > /dev/null\nif [ $? != 0 ] ; then\n    # print error to STDERR\n    echo \"error: The sandbox is not in sync with the Podfile.lock. Run 'pod install' or update your CocoaPods installation.\" >&2\n    exit 1\nfi\n# This output is used by Xcode 'outputs' to avoid re-running this script phase.\necho \"SUCCESS\" > \"${SCRIPT_OUTPUT_FILE_0}\"\n";
			showEnvVarsInLog = 0;
		};
		97237874DA466575F3FDEDED /* [CP] Check Pods Manifest.lock */ = {
			isa = PBXShellScriptBuildPhase;
			buildActionMask = 2147483647;
			files = (
			);
			inputFileListPaths = (
			);
			inputPaths = (
				"${PODS_PODFILE_DIR_PATH}/Podfile.lock",
				"${PODS_ROOT}/Manifest.lock",
			);
			name = "[CP] Check Pods Manifest.lock";
			outputFileListPaths = (
			);
			outputPaths = (
				"$(DERIVED_FILE_DIR)/Pods-Parstagram_ios_mobileTests-checkManifestLockResult.txt",
			);
			runOnlyForDeploymentPostprocessing = 0;
			shellPath = /bin/sh;
			shellScript = "diff \"${PODS_PODFILE_DIR_PATH}/Podfile.lock\" \"${PODS_ROOT}/Manifest.lock\" > /dev/null\nif [ $? != 0 ] ; then\n    # print error to STDERR\n    echo \"error: The sandbox is not in sync with the Podfile.lock. Run 'pod install' or update your CocoaPods installation.\" >&2\n    exit 1\nfi\n# This output is used by Xcode 'outputs' to avoid re-running this script phase.\necho \"SUCCESS\" > \"${SCRIPT_OUTPUT_FILE_0}\"\n";
			showEnvVarsInLog = 0;
		};
/* End PBXShellScriptBuildPhase section */

/* Begin PBXSourcesBuildPhase section */
		320A8A3926059A8500EB507A /* Sources */ = {
			isa = PBXSourcesBuildPhase;
			buildActionMask = 2147483647;
			files = (
				32910A842605A1080053F801 /* LoginViewController.swift in Sources */,
				320A8A4126059A8600EB507A /* AppDelegate.swift in Sources */,
				32910A892605A1150053F801 /* FeedViewController.swift in Sources */,
				320A8A4326059A8600EB507A /* SceneDelegate.swift in Sources */,
			);
			runOnlyForDeploymentPostprocessing = 0;
		};
		320A8A4F26059A8800EB507A /* Sources */ = {
			isa = PBXSourcesBuildPhase;
			buildActionMask = 2147483647;
			files = (
				320A8A5826059A8800EB507A /* Parstagram_ios_mobileTests.swift in Sources */,
			);
			runOnlyForDeploymentPostprocessing = 0;
		};
		320A8A5A26059A8800EB507A /* Sources */ = {
			isa = PBXSourcesBuildPhase;
			buildActionMask = 2147483647;
			files = (
				320A8A6326059A8800EB507A /* Parstagram_ios_mobileUITests.swift in Sources */,
			);
			runOnlyForDeploymentPostprocessing = 0;
		};
/* End PBXSourcesBuildPhase section */

/* Begin PBXTargetDependency section */
		320A8A5526059A8800EB507A /* PBXTargetDependency */ = {
			isa = PBXTargetDependency;
			target = 320A8A3C26059A8500EB507A /* Parstagram_ios_mobile */;
			targetProxy = 320A8A5426059A8800EB507A /* PBXContainerItemProxy */;
		};
		320A8A6026059A8800EB507A /* PBXTargetDependency */ = {
			isa = PBXTargetDependency;
			target = 320A8A3C26059A8500EB507A /* Parstagram_ios_mobile */;
			targetProxy = 320A8A5F26059A8800EB507A /* PBXContainerItemProxy */;
		};
/* End PBXTargetDependency section */

/* Begin PBXVariantGroup section */
		320A8A4626059A8600EB507A /* Main.storyboard */ = {
			isa = PBXVariantGroup;
			children = (
				320A8A4726059A8600EB507A /* Base */,
			);
			name = Main.storyboard;
			sourceTree = "<group>";
		};
		320A8A4B26059A8800EB507A /* LaunchScreen.storyboard */ = {
			isa = PBXVariantGroup;
			children = (
				320A8A4C26059A8800EB507A /* Base */,
			);
			name = LaunchScreen.storyboard;
			sourceTree = "<group>";
		};
/* End PBXVariantGroup section */

/* Begin XCBuildConfiguration section */
		320A8A6526059A8800EB507A /* Debug */ = {
			isa = XCBuildConfiguration;
			buildSettings = {
				ALWAYS_SEARCH_USER_PATHS = NO;
				CLANG_ANALYZER_NONNULL = YES;
				CLANG_ANALYZER_NUMBER_OBJECT_CONVERSION = YES_AGGRESSIVE;
				CLANG_CXX_LANGUAGE_STANDARD = "gnu++14";
				CLANG_CXX_LIBRARY = "libc++";
				CLANG_ENABLE_MODULES = YES;
				CLANG_ENABLE_OBJC_ARC = YES;
				CLANG_ENABLE_OBJC_WEAK = YES;
				CLANG_WARN_BLOCK_CAPTURE_AUTORELEASING = YES;
				CLANG_WARN_BOOL_CONVERSION = YES;
				CLANG_WARN_COMMA = YES;
				CLANG_WARN_CONSTANT_CONVERSION = YES;
				CLANG_WARN_DEPRECATED_OBJC_IMPLEMENTATIONS = YES;
				CLANG_WARN_DIRECT_OBJC_ISA_USAGE = YES_ERROR;
				CLANG_WARN_DOCUMENTATION_COMMENTS = YES;
				CLANG_WARN_EMPTY_BODY = YES;
				CLANG_WARN_ENUM_CONVERSION = YES;
				CLANG_WARN_INFINITE_RECURSION = YES;
				CLANG_WARN_INT_CONVERSION = YES;
				CLANG_WARN_NON_LITERAL_NULL_CONVERSION = YES;
				CLANG_WARN_OBJC_IMPLICIT_RETAIN_SELF = YES;
				CLANG_WARN_OBJC_LITERAL_CONVERSION = YES;
				CLANG_WARN_OBJC_ROOT_CLASS = YES_ERROR;
				CLANG_WARN_QUOTED_INCLUDE_IN_FRAMEWORK_HEADER = YES;
				CLANG_WARN_RANGE_LOOP_ANALYSIS = YES;
				CLANG_WARN_STRICT_PROTOTYPES = YES;
				CLANG_WARN_SUSPICIOUS_MOVE = YES;
				CLANG_WARN_UNGUARDED_AVAILABILITY = YES_AGGRESSIVE;
				CLANG_WARN_UNREACHABLE_CODE = YES;
				CLANG_WARN__DUPLICATE_METHOD_MATCH = YES;
				COPY_PHASE_STRIP = NO;
				DEBUG_INFORMATION_FORMAT = dwarf;
				ENABLE_STRICT_OBJC_MSGSEND = YES;
				ENABLE_TESTABILITY = YES;
				GCC_C_LANGUAGE_STANDARD = gnu11;
				GCC_DYNAMIC_NO_PIC = NO;
				GCC_NO_COMMON_BLOCKS = YES;
				GCC_OPTIMIZATION_LEVEL = 0;
				GCC_PREPROCESSOR_DEFINITIONS = (
					"DEBUG=1",
					"$(inherited)",
				);
				GCC_WARN_64_TO_32_BIT_CONVERSION = YES;
				GCC_WARN_ABOUT_RETURN_TYPE = YES_ERROR;
				GCC_WARN_UNDECLARED_SELECTOR = YES;
				GCC_WARN_UNINITIALIZED_AUTOS = YES_AGGRESSIVE;
				GCC_WARN_UNUSED_FUNCTION = YES;
				GCC_WARN_UNUSED_VARIABLE = YES;
				IPHONEOS_DEPLOYMENT_TARGET = 14.4;
				MTL_ENABLE_DEBUG_INFO = INCLUDE_SOURCE;
				MTL_FAST_MATH = YES;
				ONLY_ACTIVE_ARCH = YES;
				SDKROOT = iphoneos;
				SWIFT_ACTIVE_COMPILATION_CONDITIONS = DEBUG;
				SWIFT_OPTIMIZATION_LEVEL = "-Onone";
			};
			name = Debug;
		};
		320A8A6626059A8800EB507A /* Release */ = {
			isa = XCBuildConfiguration;
			buildSettings = {
				ALWAYS_SEARCH_USER_PATHS = NO;
				CLANG_ANALYZER_NONNULL = YES;
				CLANG_ANALYZER_NUMBER_OBJECT_CONVERSION = YES_AGGRESSIVE;
				CLANG_CXX_LANGUAGE_STANDARD = "gnu++14";
				CLANG_CXX_LIBRARY = "libc++";
				CLANG_ENABLE_MODULES = YES;
				CLANG_ENABLE_OBJC_ARC = YES;
				CLANG_ENABLE_OBJC_WEAK = YES;
				CLANG_WARN_BLOCK_CAPTURE_AUTORELEASING = YES;
				CLANG_WARN_BOOL_CONVERSION = YES;
				CLANG_WARN_COMMA = YES;
				CLANG_WARN_CONSTANT_CONVERSION = YES;
				CLANG_WARN_DEPRECATED_OBJC_IMPLEMENTATIONS = YES;
				CLANG_WARN_DIRECT_OBJC_ISA_USAGE = YES_ERROR;
				CLANG_WARN_DOCUMENTATION_COMMENTS = YES;
				CLANG_WARN_EMPTY_BODY = YES;
				CLANG_WARN_ENUM_CONVERSION = YES;
				CLANG_WARN_INFINITE_RECURSION = YES;
				CLANG_WARN_INT_CONVERSION = YES;
				CLANG_WARN_NON_LITERAL_NULL_CONVERSION = YES;
				CLANG_WARN_OBJC_IMPLICIT_RETAIN_SELF = YES;
				CLANG_WARN_OBJC_LITERAL_CONVERSION = YES;
				CLANG_WARN_OBJC_ROOT_CLASS = YES_ERROR;
				CLANG_WARN_QUOTED_INCLUDE_IN_FRAMEWORK_HEADER = YES;
				CLANG_WARN_RANGE_LOOP_ANALYSIS = YES;
				CLANG_WARN_STRICT_PROTOTYPES = YES;
				CLANG_WARN_SUSPICIOUS_MOVE = YES;
				CLANG_WARN_UNGUARDED_AVAILABILITY = YES_AGGRESSIVE;
				CLANG_WARN_UNREACHABLE_CODE = YES;
				CLANG_WARN__DUPLICATE_METHOD_MATCH = YES;
				COPY_PHASE_STRIP = NO;
				DEBUG_INFORMATION_FORMAT = "dwarf-with-dsym";
				ENABLE_NS_ASSERTIONS = NO;
				ENABLE_STRICT_OBJC_MSGSEND = YES;
				GCC_C_LANGUAGE_STANDARD = gnu11;
				GCC_NO_COMMON_BLOCKS = YES;
				GCC_WARN_64_TO_32_BIT_CONVERSION = YES;
				GCC_WARN_ABOUT_RETURN_TYPE = YES_ERROR;
				GCC_WARN_UNDECLARED_SELECTOR = YES;
				GCC_WARN_UNINITIALIZED_AUTOS = YES_AGGRESSIVE;
				GCC_WARN_UNUSED_FUNCTION = YES;
				GCC_WARN_UNUSED_VARIABLE = YES;
				IPHONEOS_DEPLOYMENT_TARGET = 14.4;
				MTL_ENABLE_DEBUG_INFO = NO;
				MTL_FAST_MATH = YES;
				SDKROOT = iphoneos;
				SWIFT_COMPILATION_MODE = wholemodule;
				SWIFT_OPTIMIZATION_LEVEL = "-O";
				VALIDATE_PRODUCT = YES;
			};
			name = Release;
		};
		320A8A6826059A8800EB507A /* Debug */ = {
			isa = XCBuildConfiguration;
			baseConfigurationReference = 4F568E42D09D56517AA998BD /* Pods-Parstagram_ios_mobile.debug.xcconfig */;
			buildSettings = {
				ASSETCATALOG_COMPILER_APPICON_NAME = AppIcon;
				ASSETCATALOG_COMPILER_GLOBAL_ACCENT_COLOR_NAME = AccentColor;
				CODE_SIGN_STYLE = Automatic;
				INFOPLIST_FILE = Parstagram_ios_mobile/Info.plist;
				LD_RUNPATH_SEARCH_PATHS = (
					"$(inherited)",
					"@executable_path/Frameworks",
				);
				PRODUCT_BUNDLE_IDENTIFIER = "com.dima.Parstagram-ios-mobile";
				PRODUCT_NAME = "$(TARGET_NAME)";
				SWIFT_VERSION = 5.0;
				TARGETED_DEVICE_FAMILY = "1,2";
			};
			name = Debug;
		};
		320A8A6926059A8800EB507A /* Release */ = {
			isa = XCBuildConfiguration;
			baseConfigurationReference = C3A2EB60FB747ECF72B0B9F7 /* Pods-Parstagram_ios_mobile.release.xcconfig */;
			buildSettings = {
				ASSETCATALOG_COMPILER_APPICON_NAME = AppIcon;
				ASSETCATALOG_COMPILER_GLOBAL_ACCENT_COLOR_NAME = AccentColor;
				CODE_SIGN_STYLE = Automatic;
				INFOPLIST_FILE = Parstagram_ios_mobile/Info.plist;
				LD_RUNPATH_SEARCH_PATHS = (
					"$(inherited)",
					"@executable_path/Frameworks",
				);
				PRODUCT_BUNDLE_IDENTIFIER = "com.dima.Parstagram-ios-mobile";
				PRODUCT_NAME = "$(TARGET_NAME)";
				SWIFT_VERSION = 5.0;
				TARGETED_DEVICE_FAMILY = "1,2";
			};
			name = Release;
		};
		320A8A6B26059A8800EB507A /* Debug */ = {
			isa = XCBuildConfiguration;
			baseConfigurationReference = D0F4B284CBF87900E8A76A9A /* Pods-Parstagram_ios_mobileTests.debug.xcconfig */;
			buildSettings = {
				ALWAYS_EMBED_SWIFT_STANDARD_LIBRARIES = YES;
				BUNDLE_LOADER = "$(TEST_HOST)";
				CODE_SIGN_STYLE = Automatic;
				INFOPLIST_FILE = Parstagram_ios_mobileTests/Info.plist;
				IPHONEOS_DEPLOYMENT_TARGET = 14.4;
				LD_RUNPATH_SEARCH_PATHS = (
					"$(inherited)",
					"@executable_path/Frameworks",
					"@loader_path/Frameworks",
				);
				PRODUCT_BUNDLE_IDENTIFIER = "com.dima.Parstagram-ios-mobileTests";
				PRODUCT_NAME = "$(TARGET_NAME)";
				SWIFT_VERSION = 5.0;
				TARGETED_DEVICE_FAMILY = "1,2";
				TEST_HOST = "$(BUILT_PRODUCTS_DIR)/Parstagram_ios_mobile.app/Parstagram_ios_mobile";
			};
			name = Debug;
		};
		320A8A6C26059A8800EB507A /* Release */ = {
			isa = XCBuildConfiguration;
			baseConfigurationReference = C3490697BBA1CC64BF3A54BF /* Pods-Parstagram_ios_mobileTests.release.xcconfig */;
			buildSettings = {
				ALWAYS_EMBED_SWIFT_STANDARD_LIBRARIES = YES;
				BUNDLE_LOADER = "$(TEST_HOST)";
				CODE_SIGN_STYLE = Automatic;
				INFOPLIST_FILE = Parstagram_ios_mobileTests/Info.plist;
				IPHONEOS_DEPLOYMENT_TARGET = 14.4;
				LD_RUNPATH_SEARCH_PATHS = (
					"$(inherited)",
					"@executable_path/Frameworks",
					"@loader_path/Frameworks",
				);
				PRODUCT_BUNDLE_IDENTIFIER = "com.dima.Parstagram-ios-mobileTests";
				PRODUCT_NAME = "$(TARGET_NAME)";
				SWIFT_VERSION = 5.0;
				TARGETED_DEVICE_FAMILY = "1,2";
				TEST_HOST = "$(BUILT_PRODUCTS_DIR)/Parstagram_ios_mobile.app/Parstagram_ios_mobile";
			};
			name = Release;
		};
		320A8A6E26059A8800EB507A /* Debug */ = {
			isa = XCBuildConfiguration;
			baseConfigurationReference = 4CECC70715DDA328EF921128 /* Pods-Parstagram_ios_mobile-Parstagram_ios_mobileUITests.debug.xcconfig */;
			buildSettings = {
				ALWAYS_EMBED_SWIFT_STANDARD_LIBRARIES = YES;
				CODE_SIGN_STYLE = Automatic;
				INFOPLIST_FILE = Parstagram_ios_mobileUITests/Info.plist;
				LD_RUNPATH_SEARCH_PATHS = (
					"$(inherited)",
					"@executable_path/Frameworks",
					"@loader_path/Frameworks",
				);
				PRODUCT_BUNDLE_IDENTIFIER = "com.dima.Parstagram-ios-mobileUITests";
				PRODUCT_NAME = "$(TARGET_NAME)";
				SWIFT_VERSION = 5.0;
				TARGETED_DEVICE_FAMILY = "1,2";
				TEST_TARGET_NAME = Parstagram_ios_mobile;
			};
			name = Debug;
		};
		320A8A6F26059A8800EB507A /* Release */ = {
			isa = XCBuildConfiguration;
			baseConfigurationReference = E24E3F3ABEE7E6DCB2BD2B1C /* Pods-Parstagram_ios_mobile-Parstagram_ios_mobileUITests.release.xcconfig */;
			buildSettings = {
				ALWAYS_EMBED_SWIFT_STANDARD_LIBRARIES = YES;
				CODE_SIGN_STYLE = Automatic;
				INFOPLIST_FILE = Parstagram_ios_mobileUITests/Info.plist;
				LD_RUNPATH_SEARCH_PATHS = (
					"$(inherited)",
					"@executable_path/Frameworks",
					"@loader_path/Frameworks",
				);
				PRODUCT_BUNDLE_IDENTIFIER = "com.dima.Parstagram-ios-mobileUITests";
				PRODUCT_NAME = "$(TARGET_NAME)";
				SWIFT_VERSION = 5.0;
				TARGETED_DEVICE_FAMILY = "1,2";
				TEST_TARGET_NAME = Parstagram_ios_mobile;
			};
			name = Release;
		};
/* End XCBuildConfiguration section */

/* Begin XCConfigurationList section */
		320A8A3826059A8500EB507A /* Build configuration list for PBXProject "Parstagram_ios_mobile" */ = {
			isa = XCConfigurationList;
			buildConfigurations = (
				320A8A6526059A8800EB507A /* Debug */,
				320A8A6626059A8800EB507A /* Release */,
			);
			defaultConfigurationIsVisible = 0;
			defaultConfigurationName = Release;
		};
		320A8A6726059A8800EB507A /* Build configuration list for PBXNativeTarget "Parstagram_ios_mobile" */ = {
			isa = XCConfigurationList;
			buildConfigurations = (
				320A8A6826059A8800EB507A /* Debug */,
				320A8A6926059A8800EB507A /* Release */,
			);
			defaultConfigurationIsVisible = 0;
			defaultConfigurationName = Release;
		};
		320A8A6A26059A8800EB507A /* Build configuration list for PBXNativeTarget "Parstagram_ios_mobileTests" */ = {
			isa = XCConfigurationList;
			buildConfigurations = (
				320A8A6B26059A8800EB507A /* Debug */,
				320A8A6C26059A8800EB507A /* Release */,
			);
			defaultConfigurationIsVisible = 0;
			defaultConfigurationName = Release;
		};
		320A8A6D26059A8800EB507A /* Build configuration list for PBXNativeTarget "Parstagram_ios_mobileUITests" */ = {
			isa = XCConfigurationList;
			buildConfigurations = (
				320A8A6E26059A8800EB507A /* Debug */,
				320A8A6F26059A8800EB507A /* Release */,
			);
			defaultConfigurationIsVisible = 0;
			defaultConfigurationName = Release;
		};
/* End XCConfigurationList section */
	};
	rootObject = 320A8A3526059A8500EB507A /* Project object */;
}
